
Microsoft Visual Studio Solution File, Format Version 12.00
# Visual Studio 15
VisualStudioVersion = 15.0.26711.1
MinimumVisualStudioVersion = 10.0.40219.1
Project("{9A19103F-16F7-4668-BE54-9A1E7A4F7556}") = "ALS.CQRS.Domain", "ALS.CQRS.Domain\ALS.CQRS.Domain.csproj", "{E33DB0CC-04A2-4196-A18F-14BE4F6DE966}"
EndProject
Project("{9A19103F-16F7-4668-BE54-9A1E7A4F7556}") = "ALS.CQRS.DataAccess", "ALS.CQRS.DataAccess\ALS.CQRS.DataAccess.csproj", "{BD115D83-0588-4F73-86C3-332D412F4B49}"
EndProject
Project("{9A19103F-16F7-4668-BE54-9A1E7A4F7556}") = "ALS.CQRS.Events", "ALS.CQRS.Events\ALS.CQRS.Events.csproj", "{5E3A0891-C687-4684-BFF7-B8010D47ABBD}"
EndProject
Project("{9A19103F-16F7-4668-BE54-9A1E7A4F7556}") = "ALS.CQRS.Commands", "ALS.CQRS.Commands\ALS.CQRS.Commands.csproj", "{610DD782-1616-4427-8CE1-FAAC4BE24DC6}"
EndProject
Project("{FAE04EC0-301F-11D3-BF4B-00C04F79EFBC}") = "ALS.CQRS.Web", "ALS.CQRS.Web\ALS.CQRS.Web.csproj", "{7364354B-65A1-4399-BC73-436969479C26}"
EndProject
Global
	GlobalSection(SolutionConfigurationPlatforms) = preSolution
		Debug|Any CPU = Debug|Any CPU
		Release|Any CPU = Release|Any CPU
	EndGlobalSection
	GlobalSection(ProjectConfigurationPlatforms) = postSolution
		{E33DB0CC-04A2-4196-A18F-14BE4F6DE966}.Debug|Any CPU.ActiveCfg = Debug|Any CPU
		{E33DB0CC-04A2-4196-A18F-14BE4F6DE966}.Debug|Any CPU.Build.0 = Debug|Any CPU
		{E33DB0CC-04A2-4196-A18F-14BE4F6DE966}.Release|Any CPU.ActiveCfg = Release|Any CPU
		{E33DB0CC-04A2-4196-A18F-14BE4F6DE966}.Release|Any CPU.Build.0 = Release|Any CPU
		{BD115D83-0588-4F73-86C3-332D412F4B49}.Debug|Any CPU.ActiveCfg = Debug|Any CPU
		{BD115D83-0588-4F73-86C3-332D412F4B49}.Debug|Any CPU.Build.0 = Debug|Any CPU
		{BD115D83-0588-4F73-86C3-332D412F4B49}.Release|Any CPU.ActiveCfg = Release|Any CPU
		{BD115D83-0588-4F73-86C3-332D412F4B49}.Release|Any CPU.Build.0 = Release|Any CPU
		{5E3A0891-C687-4684-BFF7-B8010D47ABBD}.Debug|Any CPU.ActiveCfg = Debug|Any CPU
		{5E3A0891-C687-4684-BFF7-B8010D47ABBD}.Debug|Any CPU.Build.0 = Debug|Any CPU
		{5E3A0891-C687-4684-BFF7-B8010D47ABBD}.Release|Any CPU.ActiveCfg = Release|Any CPU
		{5E3A0891-C687-4684-BFF7-B8010D47ABBD}.Release|Any CPU.Build.0 = Release|Any CPU
		{610DD782-1616-4427-8CE1-FAAC4BE24DC6}.Debug|Any CPU.ActiveCfg = Debug|Any CPU
		{610DD782-1616-4427-8CE1-FAAC4BE24DC6}.Debug|Any CPU.Build.0 = Debug|Any CPU
		{610DD782-1616-4427-8CE1-FAAC4BE24DC6}.Release|Any CPU.ActiveCfg = Release|Any CPU
		{610DD782-1616-4427-8CE1-FAAC4BE24DC6}.Release|Any CPU.Build.0 = Release|Any CPU
		{7364354B-65A1-4399-BC73-436969479C26}.Debug|Any CPU.ActiveCfg = Debug|Any CPU
		{7364354B-65A1-4399-BC73-436969479C26}.Debug|Any CPU.Build.0 = Debug|Any CPU
		{7364354B-65A1-4399-BC73-436969479C26}.Release|Any CPU.ActiveCfg = Release|Any CPU
		{7364354B-65A1-4399-BC73-436969479C26}.Release|Any CPU.Build.0 = Release|Any CPU
	EndGlobalSection
	GlobalSection(SolutionProperties) = preSolution
		HideSolutionNode = FALSE
	EndGlobalSection
	GlobalSection(ExtensibilityGlobals) = postSolution
		SolutionGuid = {41B6FE4C-3F47-492E-8AB6-0A42EE5EBA46}
	EndGlobalSection
EndGlobal
