
Microsoft Visual Studio Solution File, Format Version 12.00
# Visual Studio 14
VisualStudioVersion = 14.0.25420.1
MinimumVisualStudioVersion = 10.0.40219.1
Project("{FAE04EC0-301F-11D3-BF4B-00C04F79EFBC}") = "KataPokerHand.Logic", "KataPokerHand.Logic\KataPokerHand.Logic.csproj", "{C630F12B-441E-4868-ADD2-2DAB4881687B}"
EndProject
Project("{FAE04EC0-301F-11D3-BF4B-00C04F79EFBC}") = "KataPokerHand.Logic.Tests", "KataPokerHand.Logic.Tests\KataPokerHand.Logic.Tests.csproj", "{39A6F359-C29E-49D1-B56E-A3F9F79CC4FC}"
EndProject
Project("{FAE04EC0-301F-11D3-BF4B-00C04F79EFBC}") = "KataPokerHand.Logic.Interfaces", "KataPokerHand.Logic.Interfaces\KataPokerHand.Logic.Interfaces.csproj", "{8E75F510-D710-4C44-816B-220DF9210AD5}"
EndProject
Project("{FAE04EC0-301F-11D3-BF4B-00C04F79EFBC}") = "PlayingCards", "PlayingCards\PlayingCards.csproj", "{98D9F796-99EB-478C-8DF8-87F58096D6DC}"
EndProject
Project("{FAE04EC0-301F-11D3-BF4B-00C04F79EFBC}") = "PlayinCards.Interfaces", "PlayinCards.Interfaces\PlayinCards.Interfaces.csproj", "{AAA182AF-5ED1-4D5C-BE1F-83E0C47F484D}"
EndProject
Project("{FAE04EC0-301F-11D3-BF4B-00C04F79EFBC}") = "PlayingCards.Tests", "PlayingCards.Tests\PlayingCards.Tests.csproj", "{F2091286-E7A6-438C-BC56-92220FC6C297}"
EndProject
Project("{FAE04EC0-301F-11D3-BF4B-00C04F79EFBC}") = "Rules.Logic", "Rules.Logic\Rules.Logic.csproj", "{D500D045-A57A-4119-908F-A631169B6756}"
EndProject
Project("{FAE04EC0-301F-11D3-BF4B-00C04F79EFBC}") = "Rules.Logic.Interfaces", "Rules.Logic.Interfaces\Rules.Logic.Interfaces.csproj", "{510514C7-F4DC-48F6-BDA8-6CFE4A0D5F34}"
EndProject
Project("{FAE04EC0-301F-11D3-BF4B-00C04F79EFBC}") = "Rules.Logic.Tests", "Rules.Logic.Tests\Rules.Logic.Tests.csproj", "{8AFB2D0F-2564-4C84-8606-B380BCCCEDA0}"
EndProject
Project("{FAE04EC0-301F-11D3-BF4B-00C04F79EFBC}") = "KataPokerHand.Logic.Integration.Tests", "KataPokerHand.Logic.Integration.Tests\KataPokerHand.Logic.Integration.Tests.csproj", "{A9294460-07E7-4045-958A-4462566DE037}"
EndProject
Project("{2150E333-8FDC-42A3-9474-1A3956D46DE8}") = "Tests", "Tests", "{FA207026-7F94-476C-9787-B436F3EDE3A6}"
EndProject
Project("{FAE04EC0-301F-11D3-BF4B-00C04F79EFBC}") = "KataPokerHand.Logic.Integration.WinnerPhaser.Tests", "KataPokerHand.Logic.Integration.WinnerPhaser.Tests\KataPokerHand.Logic.Integration.WinnerPhaser.Tests.csproj", "{E3E96690-F7F6-4EB0-809C-2878AF0613D8}"
EndProject
Global
	GlobalSection(SolutionConfigurationPlatforms) = preSolution
		Debug|Any CPU = Debug|Any CPU
		Release|Any CPU = Release|Any CPU
	EndGlobalSection
	GlobalSection(ProjectConfigurationPlatforms) = postSolution
		{C630F12B-441E-4868-ADD2-2DAB4881687B}.Debug|Any CPU.ActiveCfg = Debug|Any CPU
		{C630F12B-441E-4868-ADD2-2DAB4881687B}.Debug|Any CPU.Build.0 = Debug|Any CPU
		{C630F12B-441E-4868-ADD2-2DAB4881687B}.Release|Any CPU.ActiveCfg = Release|Any CPU
		{C630F12B-441E-4868-ADD2-2DAB4881687B}.Release|Any CPU.Build.0 = Release|Any CPU
		{39A6F359-C29E-49D1-B56E-A3F9F79CC4FC}.Debug|Any CPU.ActiveCfg = Debug|Any CPU
		{39A6F359-C29E-49D1-B56E-A3F9F79CC4FC}.Debug|Any CPU.Build.0 = Debug|Any CPU
		{39A6F359-C29E-49D1-B56E-A3F9F79CC4FC}.Release|Any CPU.ActiveCfg = Release|Any CPU
		{39A6F359-C29E-49D1-B56E-A3F9F79CC4FC}.Release|Any CPU.Build.0 = Release|Any CPU
		{8E75F510-D710-4C44-816B-220DF9210AD5}.Debug|Any CPU.ActiveCfg = Debug|Any CPU
		{8E75F510-D710-4C44-816B-220DF9210AD5}.Debug|Any CPU.Build.0 = Debug|Any CPU
		{8E75F510-D710-4C44-816B-220DF9210AD5}.Release|Any CPU.ActiveCfg = Release|Any CPU
		{8E75F510-D710-4C44-816B-220DF9210AD5}.Release|Any CPU.Build.0 = Release|Any CPU
		{98D9F796-99EB-478C-8DF8-87F58096D6DC}.Debug|Any CPU.ActiveCfg = Debug|Any CPU
		{98D9F796-99EB-478C-8DF8-87F58096D6DC}.Debug|Any CPU.Build.0 = Debug|Any CPU
		{98D9F796-99EB-478C-8DF8-87F58096D6DC}.Release|Any CPU.ActiveCfg = Release|Any CPU
		{98D9F796-99EB-478C-8DF8-87F58096D6DC}.Release|Any CPU.Build.0 = Release|Any CPU
		{AAA182AF-5ED1-4D5C-BE1F-83E0C47F484D}.Debug|Any CPU.ActiveCfg = Debug|Any CPU
		{AAA182AF-5ED1-4D5C-BE1F-83E0C47F484D}.Debug|Any CPU.Build.0 = Debug|Any CPU
		{AAA182AF-5ED1-4D5C-BE1F-83E0C47F484D}.Release|Any CPU.ActiveCfg = Release|Any CPU
		{AAA182AF-5ED1-4D5C-BE1F-83E0C47F484D}.Release|Any CPU.Build.0 = Release|Any CPU
		{F2091286-E7A6-438C-BC56-92220FC6C297}.Debug|Any CPU.ActiveCfg = Debug|Any CPU
		{F2091286-E7A6-438C-BC56-92220FC6C297}.Debug|Any CPU.Build.0 = Debug|Any CPU
		{F2091286-E7A6-438C-BC56-92220FC6C297}.Release|Any CPU.ActiveCfg = Release|Any CPU
		{F2091286-E7A6-438C-BC56-92220FC6C297}.Release|Any CPU.Build.0 = Release|Any CPU
		{D500D045-A57A-4119-908F-A631169B6756}.Debug|Any CPU.ActiveCfg = Debug|Any CPU
		{D500D045-A57A-4119-908F-A631169B6756}.Debug|Any CPU.Build.0 = Debug|Any CPU
		{D500D045-A57A-4119-908F-A631169B6756}.Release|Any CPU.ActiveCfg = Release|Any CPU
		{D500D045-A57A-4119-908F-A631169B6756}.Release|Any CPU.Build.0 = Release|Any CPU
		{510514C7-F4DC-48F6-BDA8-6CFE4A0D5F34}.Debug|Any CPU.ActiveCfg = Debug|Any CPU
		{510514C7-F4DC-48F6-BDA8-6CFE4A0D5F34}.Debug|Any CPU.Build.0 = Debug|Any CPU
		{510514C7-F4DC-48F6-BDA8-6CFE4A0D5F34}.Release|Any CPU.ActiveCfg = Release|Any CPU
		{510514C7-F4DC-48F6-BDA8-6CFE4A0D5F34}.Release|Any CPU.Build.0 = Release|Any CPU
		{8AFB2D0F-2564-4C84-8606-B380BCCCEDA0}.Debug|Any CPU.ActiveCfg = Debug|Any CPU
		{8AFB2D0F-2564-4C84-8606-B380BCCCEDA0}.Debug|Any CPU.Build.0 = Debug|Any CPU
		{8AFB2D0F-2564-4C84-8606-B380BCCCEDA0}.Release|Any CPU.ActiveCfg = Release|Any CPU
		{8AFB2D0F-2564-4C84-8606-B380BCCCEDA0}.Release|Any CPU.Build.0 = Release|Any CPU
		{A9294460-07E7-4045-958A-4462566DE037}.Debug|Any CPU.ActiveCfg = Debug|Any CPU
		{A9294460-07E7-4045-958A-4462566DE037}.Debug|Any CPU.Build.0 = Debug|Any CPU
		{A9294460-07E7-4045-958A-4462566DE037}.Release|Any CPU.ActiveCfg = Release|Any CPU
		{A9294460-07E7-4045-958A-4462566DE037}.Release|Any CPU.Build.0 = Release|Any CPU
		{E3E96690-F7F6-4EB0-809C-2878AF0613D8}.Debug|Any CPU.ActiveCfg = Debug|Any CPU
		{E3E96690-F7F6-4EB0-809C-2878AF0613D8}.Debug|Any CPU.Build.0 = Debug|Any CPU
		{E3E96690-F7F6-4EB0-809C-2878AF0613D8}.Release|Any CPU.ActiveCfg = Release|Any CPU
		{E3E96690-F7F6-4EB0-809C-2878AF0613D8}.Release|Any CPU.Build.0 = Release|Any CPU
	EndGlobalSection
	GlobalSection(SolutionProperties) = preSolution
		HideSolutionNode = FALSE
	EndGlobalSection
	GlobalSection(NestedProjects) = preSolution
		{39A6F359-C29E-49D1-B56E-A3F9F79CC4FC} = {FA207026-7F94-476C-9787-B436F3EDE3A6}
		{F2091286-E7A6-438C-BC56-92220FC6C297} = {FA207026-7F94-476C-9787-B436F3EDE3A6}
		{8AFB2D0F-2564-4C84-8606-B380BCCCEDA0} = {FA207026-7F94-476C-9787-B436F3EDE3A6}
		{A9294460-07E7-4045-958A-4462566DE037} = {FA207026-7F94-476C-9787-B436F3EDE3A6}
		{E3E96690-F7F6-4EB0-809C-2878AF0613D8} = {FA207026-7F94-476C-9787-B436F3EDE3A6}
	EndGlobalSection
EndGlobal
